
Microsoft Visual Studio Solution File, Format Version 12.00
# Visual Studio 15
VisualStudioVersion = 15.0.27428.2002
MinimumVisualStudioVersion = 10.0.40219.1
Project("{FAE04EC0-301F-11D3-BF4B-00C04F79EFBC}") = "DirectWeather.Api", "DirectWeather.Api\DirectWeather.Api.csproj", "{BCDB6BC1-10D1-4954-A262-35BAD2C05BE9}"
EndProject
Project("{FAE04EC0-301F-11D3-BF4B-00C04F79EFBC}") = "DirectWeather.Infrastructure", "DirectWeather.Infrastructure\DirectWeather.Infrastructure.csproj", "{D814998A-7E67-45EA-A343-4852B901A22A}"
EndProject
Project("{FAE04EC0-301F-11D3-BF4B-00C04F79EFBC}") = "DirectWeather.Source.OpenWeatherMap", "DirectWeather.Source.OpenWeatherMap\DirectWeather.Source.OpenWeatherMap.csproj", "{BC24928A-EB71-46C6-93C9-4B9191A502B2}"
EndProject
Project("{2150E333-8FDC-42A3-9474-1A3956D46DE8}") = "Tests", "Tests", "{B1E44183-6303-4461-BDBB-31EC2F55B585}"
EndProject
Project("{FAE04EC0-301F-11D3-BF4B-00C04F79EFBC}") = "DirectWeather.UnitTests", "DirectWeather.UnitTests\DirectWeather.UnitTests.csproj", "{756F63FF-8EDF-4561-998A-323E2533A337}"
EndProject
Project("{FAE04EC0-301F-11D3-BF4B-00C04F79EFBC}") = "DirectWeather.IntegrationTests", "DirectWeather.IntegrationTests\DirectWeather.IntegrationTests.csproj", "{8623CBFB-439A-4EB6-A5B2-D5820CC6EAB7}"
EndProject
Project("{FAE04EC0-301F-11D3-BF4B-00C04F79EFBC}") = "DirectWeather.Tests.Core", "DirectWeather.Tests.Core\DirectWeather.Tests.Core.csproj", "{A43728DF-59CD-496B-8794-C4D398D3D552}"
EndProject
Project("{FAE04EC0-301F-11D3-BF4B-00C04F79EFBC}") = "DirectWeather.AcceptanceTests", "DirectWeather.AcceptanceTests\DirectWeather.AcceptanceTests.csproj", "{B9CD4453-2CF4-4AEC-B41C-57F98595985C}"
EndProject
Global
	GlobalSection(SolutionConfigurationPlatforms) = preSolution
		Debug|Any CPU = Debug|Any CPU
		Release|Any CPU = Release|Any CPU
	EndGlobalSection
	GlobalSection(ProjectConfigurationPlatforms) = postSolution
		{BCDB6BC1-10D1-4954-A262-35BAD2C05BE9}.Debug|Any CPU.ActiveCfg = Debug|Any CPU
		{BCDB6BC1-10D1-4954-A262-35BAD2C05BE9}.Debug|Any CPU.Build.0 = Debug|Any CPU
		{BCDB6BC1-10D1-4954-A262-35BAD2C05BE9}.Release|Any CPU.ActiveCfg = Release|Any CPU
		{BCDB6BC1-10D1-4954-A262-35BAD2C05BE9}.Release|Any CPU.Build.0 = Release|Any CPU
		{D814998A-7E67-45EA-A343-4852B901A22A}.Debug|Any CPU.ActiveCfg = Debug|Any CPU
		{D814998A-7E67-45EA-A343-4852B901A22A}.Debug|Any CPU.Build.0 = Debug|Any CPU
		{D814998A-7E67-45EA-A343-4852B901A22A}.Release|Any CPU.ActiveCfg = Release|Any CPU
		{D814998A-7E67-45EA-A343-4852B901A22A}.Release|Any CPU.Build.0 = Release|Any CPU
		{BC24928A-EB71-46C6-93C9-4B9191A502B2}.Debug|Any CPU.ActiveCfg = Debug|Any CPU
		{BC24928A-EB71-46C6-93C9-4B9191A502B2}.Debug|Any CPU.Build.0 = Debug|Any CPU
		{BC24928A-EB71-46C6-93C9-4B9191A502B2}.Release|Any CPU.ActiveCfg = Release|Any CPU
		{BC24928A-EB71-46C6-93C9-4B9191A502B2}.Release|Any CPU.Build.0 = Release|Any CPU
		{756F63FF-8EDF-4561-998A-323E2533A337}.Debug|Any CPU.ActiveCfg = Debug|Any CPU
		{756F63FF-8EDF-4561-998A-323E2533A337}.Debug|Any CPU.Build.0 = Debug|Any CPU
		{756F63FF-8EDF-4561-998A-323E2533A337}.Release|Any CPU.ActiveCfg = Release|Any CPU
		{756F63FF-8EDF-4561-998A-323E2533A337}.Release|Any CPU.Build.0 = Release|Any CPU
		{8623CBFB-439A-4EB6-A5B2-D5820CC6EAB7}.Debug|Any CPU.ActiveCfg = Debug|Any CPU
		{8623CBFB-439A-4EB6-A5B2-D5820CC6EAB7}.Debug|Any CPU.Build.0 = Debug|Any CPU
		{8623CBFB-439A-4EB6-A5B2-D5820CC6EAB7}.Release|Any CPU.ActiveCfg = Release|Any CPU
		{8623CBFB-439A-4EB6-A5B2-D5820CC6EAB7}.Release|Any CPU.Build.0 = Release|Any CPU
		{A43728DF-59CD-496B-8794-C4D398D3D552}.Debug|Any CPU.ActiveCfg = Debug|Any CPU
		{A43728DF-59CD-496B-8794-C4D398D3D552}.Debug|Any CPU.Build.0 = Debug|Any CPU
		{A43728DF-59CD-496B-8794-C4D398D3D552}.Release|Any CPU.ActiveCfg = Release|Any CPU
		{A43728DF-59CD-496B-8794-C4D398D3D552}.Release|Any CPU.Build.0 = Release|Any CPU
		{B9CD4453-2CF4-4AEC-B41C-57F98595985C}.Debug|Any CPU.ActiveCfg = Debug|Any CPU
		{B9CD4453-2CF4-4AEC-B41C-57F98595985C}.Debug|Any CPU.Build.0 = Debug|Any CPU
		{B9CD4453-2CF4-4AEC-B41C-57F98595985C}.Release|Any CPU.ActiveCfg = Release|Any CPU
		{B9CD4453-2CF4-4AEC-B41C-57F98595985C}.Release|Any CPU.Build.0 = Release|Any CPU
	EndGlobalSection
	GlobalSection(SolutionProperties) = preSolution
		HideSolutionNode = FALSE
	EndGlobalSection
	GlobalSection(NestedProjects) = preSolution
		{756F63FF-8EDF-4561-998A-323E2533A337} = {B1E44183-6303-4461-BDBB-31EC2F55B585}
		{8623CBFB-439A-4EB6-A5B2-D5820CC6EAB7} = {B1E44183-6303-4461-BDBB-31EC2F55B585}
		{A43728DF-59CD-496B-8794-C4D398D3D552} = {B1E44183-6303-4461-BDBB-31EC2F55B585}
		{B9CD4453-2CF4-4AEC-B41C-57F98595985C} = {B1E44183-6303-4461-BDBB-31EC2F55B585}
	EndGlobalSection
	GlobalSection(ExtensibilityGlobals) = postSolution
		SolutionGuid = {F6B3577D-43C6-4AD7-B0EA-6A9D47069115}
	EndGlobalSection
EndGlobal
